// !$*UTF8*$!
{
	archiveVersion = 1;
	classes = {
	};
	objectVersion = 50;
	objects = {

/* Begin PBXBuildFile section */
		250EA07922809CDC00EDC73B /* AppDelegate.m in Sources */ = {isa = PBXBuildFile; fileRef = 250EA07822809CDC00EDC73B /* AppDelegate.m */; };
		250EA07C22809CDC00EDC73B /* ViewController.m in Sources */ = {isa = PBXBuildFile; fileRef = 250EA07B22809CDC00EDC73B /* ViewController.m */; };
		250EA07F22809CDC00EDC73B /* Main.storyboard in Resources */ = {isa = PBXBuildFile; fileRef = 250EA07D22809CDC00EDC73B /* Main.storyboard */; };
		250EA08122809CDD00EDC73B /* Assets.xcassets in Resources */ = {isa = PBXBuildFile; fileRef = 250EA08022809CDD00EDC73B /* Assets.xcassets */; };
		250EA08422809CDD00EDC73B /* LaunchScreen.storyboard in Resources */ = {isa = PBXBuildFile; fileRef = 250EA08222809CDD00EDC73B /* LaunchScreen.storyboard */; };
		250EA08722809CDD00EDC73B /* main.m in Sources */ = {isa = PBXBuildFile; fileRef = 250EA08622809CDD00EDC73B /* main.m */; };
		250EA09122809CDD00EDC73B /* Math2Tests.m in Sources */ = {isa = PBXBuildFile; fileRef = 250EA09022809CDD00EDC73B /* Math2Tests.m */; };
		250EA09C22809CDD00EDC73B /* Math2UITests.m in Sources */ = {isa = PBXBuildFile; fileRef = 250EA09B22809CDD00EDC73B /* Math2UITests.m */; };
		250EA0AE2280A8A000EDC73B /* Player.m in Sources */ = {isa = PBXBuildFile; fileRef = 250EA0AD2280A8A000EDC73B /* Player.m */; };
		250EA0B12280AE9C00EDC73B /* GameModel.m in Sources */ = {isa = PBXBuildFile; fileRef = 250EA0B02280AE9C00EDC73B /* GameModel.m */; };
		250EA0C32280B87900EDC73B /* QuestionManager.m in Sources */ = {isa = PBXBuildFile; fileRef = 250EA0B22280B87500EDC73B /* QuestionManager.m */; };
		250EA0C42280B87900EDC73B /* Question.m in Sources */ = {isa = PBXBuildFile; fileRef = 250EA0B72280B87600EDC73B /* Question.m */; };
		250EA0C52280B87900EDC73B /* SubstractionQuestion.m in Sources */ = {isa = PBXBuildFile; fileRef = 250EA0B82280B87600EDC73B /* SubstractionQuestion.m */; };
		250EA0C62280B87900EDC73B /* DivisionQuestion.m in Sources */ = {isa = PBXBuildFile; fileRef = 250EA0B92280B87600EDC73B /* DivisionQuestion.m */; };
		250EA0C72280B87900EDC73B /* QuestionFactory.m in Sources */ = {isa = PBXBuildFile; fileRef = 250EA0BA2280B87700EDC73B /* QuestionFactory.m */; };
		250EA0C82280B87900EDC73B /* AdditionQuestion.m in Sources */ = {isa = PBXBuildFile; fileRef = 250EA0BC2280B87700EDC73B /* AdditionQuestion.m */; };
		250EA0CA2280B87900EDC73B /* MultiplicationQuestion.m in Sources */ = {isa = PBXBuildFile; fileRef = 250EA0C02280B87800EDC73B /* MultiplicationQuestion.m */; };
		250EA0CB2280B87900EDC73B /* InputHandler.m in Sources */ = {isa = PBXBuildFile; fileRef = 250EA0C22280B87800EDC73B /* InputHandler.m */; };
/* End PBXBuildFile section */

/* Begin PBXContainerItemProxy section */
		250EA08D22809CDD00EDC73B /* PBXContainerItemProxy */ = {
			isa = PBXContainerItemProxy;
			containerPortal = 250EA06C22809CDC00EDC73B /* Project object */;
			proxyType = 1;
			remoteGlobalIDString = 250EA07322809CDC00EDC73B;
			remoteInfo = Math2;
		};
		250EA09822809CDD00EDC73B /* PBXContainerItemProxy */ = {
			isa = PBXContainerItemProxy;
			containerPortal = 250EA06C22809CDC00EDC73B /* Project object */;
			proxyType = 1;
			remoteGlobalIDString = 250EA07322809CDC00EDC73B;
			remoteInfo = Math2;
		};
/* End PBXContainerItemProxy section */

/* Begin PBXFileReference section */
		250EA07422809CDC00EDC73B /* Math2.app */ = {isa = PBXFileReference; explicitFileType = wrapper.application; includeInIndex = 0; path = Math2.app; sourceTree = BUILT_PRODUCTS_DIR; };
		250EA07722809CDC00EDC73B /* AppDelegate.h */ = {isa = PBXFileReference; lastKnownFileType = sourcecode.c.h; path = AppDelegate.h; sourceTree = "<group>"; };
		250EA07822809CDC00EDC73B /* AppDelegate.m */ = {isa = PBXFileReference; lastKnownFileType = sourcecode.c.objc; path = AppDelegate.m; sourceTree = "<group>"; };
		250EA07A22809CDC00EDC73B /* ViewController.h */ = {isa = PBXFileReference; lastKnownFileType = sourcecode.c.h; path = ViewController.h; sourceTree = "<group>"; };
		250EA07B22809CDC00EDC73B /* ViewController.m */ = {isa = PBXFileReference; lastKnownFileType = sourcecode.c.objc; path = ViewController.m; sourceTree = "<group>"; };
		250EA07E22809CDC00EDC73B /* Base */ = {isa = PBXFileReference; lastKnownFileType = file.storyboard; name = Base; path = Base.lproj/Main.storyboard; sourceTree = "<group>"; };
		250EA08022809CDD00EDC73B /* Assets.xcassets */ = {isa = PBXFileReference; lastKnownFileType = folder.assetcatalog; path = Assets.xcassets; sourceTree = "<group>"; };
		250EA08322809CDD00EDC73B /* Base */ = {isa = PBXFileReference; lastKnownFileType = file.storyboard; name = Base; path = Base.lproj/LaunchScreen.storyboard; sourceTree = "<group>"; };
		250EA08522809CDD00EDC73B /* Info.plist */ = {isa = PBXFileReference; lastKnownFileType = text.plist.xml; path = Info.plist; sourceTree = "<group>"; };
		250EA08622809CDD00EDC73B /* main.m */ = {isa = PBXFileReference; lastKnownFileType = sourcecode.c.objc; path = main.m; sourceTree = "<group>"; };
		250EA08C22809CDD00EDC73B /* Math2Tests.xctest */ = {isa = PBXFileReference; explicitFileType = wrapper.cfbundle; includeInIndex = 0; path = Math2Tests.xctest; sourceTree = BUILT_PRODUCTS_DIR; };
		250EA09022809CDD00EDC73B /* Math2Tests.m */ = {isa = PBXFileReference; lastKnownFileType = sourcecode.c.objc; path = Math2Tests.m; sourceTree = "<group>"; };
		250EA09222809CDD00EDC73B /* Info.plist */ = {isa = PBXFileReference; lastKnownFileType = text.plist.xml; path = Info.plist; sourceTree = "<group>"; };
		250EA09722809CDD00EDC73B /* Math2UITests.xctest */ = {isa = PBXFileReference; explicitFileType = wrapper.cfbundle; includeInIndex = 0; path = Math2UITests.xctest; sourceTree = BUILT_PRODUCTS_DIR; };
		250EA09B22809CDD00EDC73B /* Math2UITests.m */ = {isa = PBXFileReference; lastKnownFileType = sourcecode.c.objc; path = Math2UITests.m; sourceTree = "<group>"; };
		250EA09D22809CDD00EDC73B /* Info.plist */ = {isa = PBXFileReference; lastKnownFileType = text.plist.xml; path = Info.plist; sourceTree = "<group>"; };
		250EA0AC2280A8A000EDC73B /* Player.h */ = {isa = PBXFileReference; lastKnownFileType = sourcecode.c.h; path = Player.h; sourceTree = "<group>"; };
		250EA0AD2280A8A000EDC73B /* Player.m */ = {isa = PBXFileReference; lastKnownFileType = sourcecode.c.objc; path = Player.m; sourceTree = "<group>"; };
		250EA0AF2280AE9C00EDC73B /* GameModel.h */ = {isa = PBXFileReference; lastKnownFileType = sourcecode.c.h; path = GameModel.h; sourceTree = "<group>"; };
		250EA0B02280AE9C00EDC73B /* GameModel.m */ = {isa = PBXFileReference; lastKnownFileType = sourcecode.c.objc; path = GameModel.m; sourceTree = "<group>"; };
		250EA0B22280B87500EDC73B /* QuestionManager.m */ = {isa = PBXFileReference; fileEncoding = 4; lastKnownFileType = sourcecode.c.objc; path = QuestionManager.m; sourceTree = "<group>"; };
		250EA0B32280B87500EDC73B /* AdditionQuestion.h */ = {isa = PBXFileReference; fileEncoding = 4; lastKnownFileType = sourcecode.c.h; path = AdditionQuestion.h; sourceTree = "<group>"; };
		250EA0B42280B87600EDC73B /* Question.h */ = {isa = PBXFileReference; fileEncoding = 4; lastKnownFileType = sourcecode.c.h; path = Question.h; sourceTree = "<group>"; };
		250EA0B52280B87600EDC73B /* SubstractionQuestion.h */ = {isa = PBXFileReference; fileEncoding = 4; lastKnownFileType = sourcecode.c.h; path = SubstractionQuestion.h; sourceTree = "<group>"; };
		250EA0B62280B87600EDC73B /* QuestionManager.h */ = {isa = PBXFileReference; fileEncoding = 4; lastKnownFileType = sourcecode.c.h; path = QuestionManager.h; sourceTree = "<group>"; };
		250EA0B72280B87600EDC73B /* Question.m */ = {isa = PBXFileReference; fileEncoding = 4; lastKnownFileType = sourcecode.c.objc; path = Question.m; sourceTree = "<group>"; };
		250EA0B82280B87600EDC73B /* SubstractionQuestion.m */ = {isa = PBXFileReference; fileEncoding = 4; lastKnownFileType = sourcecode.c.objc; path = SubstractionQuestion.m; sourceTree = "<group>"; };
		250EA0B92280B87600EDC73B /* DivisionQuestion.m */ = {isa = PBXFileReference; fileEncoding = 4; lastKnownFileType = sourcecode.c.objc; path = DivisionQuestion.m; sourceTree = "<group>"; };
		250EA0BA2280B87700EDC73B /* QuestionFactory.m */ = {isa = PBXFileReference; fileEncoding = 4; lastKnownFileType = sourcecode.c.objc; path = QuestionFactory.m; sourceTree = "<group>"; };
		250EA0BB2280B87700EDC73B /* QuestionFactory.h */ = {isa = PBXFileReference; fileEncoding = 4; lastKnownFileType = sourcecode.c.h; path = QuestionFactory.h; sourceTree = "<group>"; };
		250EA0BC2280B87700EDC73B /* AdditionQuestion.m */ = {isa = PBXFileReference; fileEncoding = 4; lastKnownFileType = sourcecode.c.objc; path = AdditionQuestion.m; sourceTree = "<group>"; };
		250EA0BD2280B87700EDC73B /* MultiplicationQuestion.h */ = {isa = PBXFileReference; fileEncoding = 4; lastKnownFileType = sourcecode.c.h; path = MultiplicationQuestion.h; sourceTree = "<group>"; };
		250EA0BF2280B87800EDC73B /* InputHandler.h */ = {isa = PBXFileReference; fileEncoding = 4; lastKnownFileType = sourcecode.c.h; path = InputHandler.h; sourceTree = "<group>"; };
		250EA0C02280B87800EDC73B /* MultiplicationQuestion.m */ = {isa = PBXFileReference; fileEncoding = 4; lastKnownFileType = sourcecode.c.objc; path = MultiplicationQuestion.m; sourceTree = "<group>"; };
		250EA0C12280B87800EDC73B /* DivisionQuestion.h */ = {isa = PBXFileReference; fileEncoding = 4; lastKnownFileType = sourcecode.c.h; path = DivisionQuestion.h; sourceTree = "<group>"; };
		250EA0C22280B87800EDC73B /* InputHandler.m */ = {isa = PBXFileReference; fileEncoding = 4; lastKnownFileType = sourcecode.c.objc; path = InputHandler.m; sourceTree = "<group>"; };
/* End PBXFileReference section */

/* Begin PBXFrameworksBuildPhase section */
		250EA07122809CDC00EDC73B /* Frameworks */ = {
			isa = PBXFrameworksBuildPhase;
			buildActionMask = 2147483647;
			files = (
			);
			runOnlyForDeploymentPostprocessing = 0;
		};
		250EA08922809CDD00EDC73B /* Frameworks */ = {
			isa = PBXFrameworksBuildPhase;
			buildActionMask = 2147483647;
			files = (
			);
			runOnlyForDeploymentPostprocessing = 0;
		};
		250EA09422809CDD00EDC73B /* Frameworks */ = {
			isa = PBXFrameworksBuildPhase;
			buildActionMask = 2147483647;
			files = (
			);
			runOnlyForDeploymentPostprocessing = 0;
		};
/* End PBXFrameworksBuildPhase section */

/* Begin PBXGroup section */
		250EA06B22809CDC00EDC73B = {
			isa = PBXGroup;
			children = (
				250EA07622809CDC00EDC73B /* Math2 */,
				250EA08F22809CDD00EDC73B /* Math2Tests */,
				250EA09A22809CDD00EDC73B /* Math2UITests */,
				250EA07522809CDC00EDC73B /* Products */,
			);
			sourceTree = "<group>";
		};
		250EA07522809CDC00EDC73B /* Products */ = {
			isa = PBXGroup;
			children = (
				250EA07422809CDC00EDC73B /* Math2.app */,
				250EA08C22809CDD00EDC73B /* Math2Tests.xctest */,
				250EA09722809CDD00EDC73B /* Math2UITests.xctest */,
			);
			name = Products;
			sourceTree = "<group>";
		};
		250EA07622809CDC00EDC73B /* Math2 */ = {
			isa = PBXGroup;
			children = (
				250EA0B32280B87500EDC73B /* AdditionQuestion.h */,
				250EA0BC2280B87700EDC73B /* AdditionQuestion.m */,
				250EA0C12280B87800EDC73B /* DivisionQuestion.h */,
				250EA0B92280B87600EDC73B /* DivisionQuestion.m */,
				250EA0BF2280B87800EDC73B /* InputHandler.h */,
				250EA0C22280B87800EDC73B /* InputHandler.m */,
				250EA0BD2280B87700EDC73B /* MultiplicationQuestion.h */,
				250EA0C02280B87800EDC73B /* MultiplicationQuestion.m */,
				250EA0B42280B87600EDC73B /* Question.h */,
				250EA0B72280B87600EDC73B /* Question.m */,
				250EA0BB2280B87700EDC73B /* QuestionFactory.h */,
				250EA0BA2280B87700EDC73B /* QuestionFactory.m */,
				250EA0B62280B87600EDC73B /* QuestionManager.h */,
				250EA0B22280B87500EDC73B /* QuestionManager.m */,
				250EA0B52280B87600EDC73B /* SubstractionQuestion.h */,
				250EA0B82280B87600EDC73B /* SubstractionQuestion.m */,
				250EA07722809CDC00EDC73B /* AppDelegate.h */,
				250EA07822809CDC00EDC73B /* AppDelegate.m */,
				250EA07A22809CDC00EDC73B /* ViewController.h */,
				250EA0AF2280AE9C00EDC73B /* GameModel.h */,
				250EA0B02280AE9C00EDC73B /* GameModel.m */,
				250EA0AC2280A8A000EDC73B /* Player.h */,
				250EA0AD2280A8A000EDC73B /* Player.m */,
				250EA07B22809CDC00EDC73B /* ViewController.m */,
				250EA07D22809CDC00EDC73B /* Main.storyboard */,
				250EA08022809CDD00EDC73B /* Assets.xcassets */,
				250EA08222809CDD00EDC73B /* LaunchScreen.storyboard */,
				250EA08522809CDD00EDC73B /* Info.plist */,
				250EA08622809CDD00EDC73B /* main.m */,
			);
			path = Math2;
			sourceTree = "<group>";
		};
		250EA08F22809CDD00EDC73B /* Math2Tests */ = {
			isa = PBXGroup;
			children = (
				250EA09022809CDD00EDC73B /* Math2Tests.m */,
				250EA09222809CDD00EDC73B /* Info.plist */,
			);
			path = Math2Tests;
			sourceTree = "<group>";
		};
		250EA09A22809CDD00EDC73B /* Math2UITests */ = {
			isa = PBXGroup;
			children = (
				250EA09B22809CDD00EDC73B /* Math2UITests.m */,
				250EA09D22809CDD00EDC73B /* Info.plist */,
			);
			path = Math2UITests;
			sourceTree = "<group>";
		};
/* End PBXGroup section */

/* Begin PBXNativeTarget section */
		250EA07322809CDC00EDC73B /* Math2 */ = {
			isa = PBXNativeTarget;
			buildConfigurationList = 250EA0A022809CDD00EDC73B /* Build configuration list for PBXNativeTarget "Math2" */;
			buildPhases = (
				250EA07022809CDC00EDC73B /* Sources */,
				250EA07122809CDC00EDC73B /* Frameworks */,
				250EA07222809CDC00EDC73B /* Resources */,
			);
			buildRules = (
			);
			dependencies = (
			);
			name = Math2;
			productName = Math2;
			productReference = 250EA07422809CDC00EDC73B /* Math2.app */;
			productType = "com.apple.product-type.application";
		};
		250EA08B22809CDD00EDC73B /* Math2Tests */ = {
			isa = PBXNativeTarget;
			buildConfigurationList = 250EA0A322809CDD00EDC73B /* Build configuration list for PBXNativeTarget "Math2Tests" */;
			buildPhases = (
				250EA08822809CDD00EDC73B /* Sources */,
				250EA08922809CDD00EDC73B /* Frameworks */,
				250EA08A22809CDD00EDC73B /* Resources */,
			);
			buildRules = (
			);
			dependencies = (
				250EA08E22809CDD00EDC73B /* PBXTargetDependency */,
			);
			name = Math2Tests;
			productName = Math2Tests;
			productReference = 250EA08C22809CDD00EDC73B /* Math2Tests.xctest */;
			productType = "com.apple.product-type.bundle.unit-test";
		};
		250EA09622809CDD00EDC73B /* Math2UITests */ = {
			isa = PBXNativeTarget;
			buildConfigurationList = 250EA0A622809CDD00EDC73B /* Build configuration list for PBXNativeTarget "Math2UITests" */;
			buildPhases = (
				250EA09322809CDD00EDC73B /* Sources */,
				250EA09422809CDD00EDC73B /* Frameworks */,
				250EA09522809CDD00EDC73B /* Resources */,
			);
			buildRules = (
			);
			dependencies = (
				250EA09922809CDD00EDC73B /* PBXTargetDependency */,
			);
			name = Math2UITests;
			productName = Math2UITests;
			productReference = 250EA09722809CDD00EDC73B /* Math2UITests.xctest */;
			productType = "com.apple.product-type.bundle.ui-testing";
		};
/* End PBXNativeTarget section */

/* Begin PBXProject section */
		250EA06C22809CDC00EDC73B /* Project object */ = {
			isa = PBXProject;
			attributes = {
				LastUpgradeCheck = 1010;
				ORGANIZATIONNAME = Luiz;
				TargetAttributes = {
					250EA07322809CDC00EDC73B = {
						CreatedOnToolsVersion = 10.1;
					};
					250EA08B22809CDD00EDC73B = {
						CreatedOnToolsVersion = 10.1;
						TestTargetID = 250EA07322809CDC00EDC73B;
					};
					250EA09622809CDD00EDC73B = {
						CreatedOnToolsVersion = 10.1;
						TestTargetID = 250EA07322809CDC00EDC73B;
					};
				};
			};
			buildConfigurationList = 250EA06F22809CDC00EDC73B /* Build configuration list for PBXProject "Math2" */;
			compatibilityVersion = "Xcode 9.3";
			developmentRegion = en;
			hasScannedForEncodings = 0;
			knownRegions = (
				en,
				Base,
			);
			mainGroup = 250EA06B22809CDC00EDC73B;
			productRefGroup = 250EA07522809CDC00EDC73B /* Products */;
			projectDirPath = "";
			projectRoot = "";
			targets = (
				250EA07322809CDC00EDC73B /* Math2 */,
				250EA08B22809CDD00EDC73B /* Math2Tests */,
				250EA09622809CDD00EDC73B /* Math2UITests */,
			);
		};
/* End PBXProject section */

/* Begin PBXResourcesBuildPhase section */
		250EA07222809CDC00EDC73B /* Resources */ = {
			isa = PBXResourcesBuildPhase;
			buildActionMask = 2147483647;
			files = (
				250EA08422809CDD00EDC73B /* LaunchScreen.storyboard in Resources */,
				250EA08122809CDD00EDC73B /* Assets.xcassets in Resources */,
				250EA07F22809CDC00EDC73B /* Main.storyboard in Resources */,
			);
			runOnlyForDeploymentPostprocessing = 0;
		};
		250EA08A22809CDD00EDC73B /* Resources */ = {
			isa = PBXResourcesBuildPhase;
			buildActionMask = 2147483647;
			files = (
			);
			runOnlyForDeploymentPostprocessing = 0;
		};
		250EA09522809CDD00EDC73B /* Resources */ = {
			isa = PBXResourcesBuildPhase;
			buildActionMask = 2147483647;
			files = (
			);
			runOnlyForDeploymentPostprocessing = 0;
		};
/* End PBXResourcesBuildPhase section */

/* Begin PBXSourcesBuildPhase section */
		250EA07022809CDC00EDC73B /* Sources */ = {
			isa = PBXSourcesBuildPhase;
			buildActionMask = 2147483647;
			files = (
				250EA0B12280AE9C00EDC73B /* GameModel.m in Sources */,
				250EA0C32280B87900EDC73B /* QuestionManager.m in Sources */,
				250EA0C52280B87900EDC73B /* SubstractionQuestion.m in Sources */,
				250EA07C22809CDC00EDC73B /* ViewController.m in Sources */,
				250EA08722809CDD00EDC73B /* main.m in Sources */,
				250EA0C82280B87900EDC73B /* AdditionQuestion.m in Sources */,
				250EA0C42280B87900EDC73B /* Question.m in Sources */,
				250EA0CB2280B87900EDC73B /* InputHandler.m in Sources */,
				250EA0C62280B87900EDC73B /* DivisionQuestion.m in Sources */,
				250EA0CA2280B87900EDC73B /* MultiplicationQuestion.m in Sources */,
				250EA07922809CDC00EDC73B /* AppDelegate.m in Sources */,
				250EA0C72280B87900EDC73B /* QuestionFactory.m in Sources */,
				250EA0AE2280A8A000EDC73B /* Player.m in Sources */,
			);
			runOnlyForDeploymentPostprocessing = 0;
		};
		250EA08822809CDD00EDC73B /* Sources */ = {
			isa = PBXSourcesBuildPhase;
			buildActionMask = 2147483647;
			files = (
				250EA09122809CDD00EDC73B /* Math2Tests.m in Sources */,
			);
			runOnlyForDeploymentPostprocessing = 0;
		};
		250EA09322809CDD00EDC73B /* Sources */ = {
			isa = PBXSourcesBuildPhase;
			buildActionMask = 2147483647;
			files = (
				250EA09C22809CDD00EDC73B /* Math2UITests.m in Sources */,
			);
			runOnlyForDeploymentPostprocessing = 0;
		};
/* End PBXSourcesBuildPhase section */

/* Begin PBXTargetDependency section */
		250EA08E22809CDD00EDC73B /* PBXTargetDependency */ = {
			isa = PBXTargetDependency;
			target = 250EA07322809CDC00EDC73B /* Math2 */;
			targetProxy = 250EA08D22809CDD00EDC73B /* PBXContainerItemProxy */;
		};
		250EA09922809CDD00EDC73B /* PBXTargetDependency */ = {
			isa = PBXTargetDependency;
			target = 250EA07322809CDC00EDC73B /* Math2 */;
			targetProxy = 250EA09822809CDD00EDC73B /* PBXContainerItemProxy */;
		};
/* End PBXTargetDependency section */

/* Begin PBXVariantGroup section */
		250EA07D22809CDC00EDC73B /* Main.storyboard */ = {
			isa = PBXVariantGroup;
			children = (
				250EA07E22809CDC00EDC73B /* Base */,
			);
			name = Main.storyboard;
			sourceTree = "<group>";
		};
		250EA08222809CDD00EDC73B /* LaunchScreen.storyboard */ = {
			isa = PBXVariantGroup;
			children = (
				250EA08322809CDD00EDC73B /* Base */,
			);
			name = LaunchScreen.storyboard;
			sourceTree = "<group>";
		};
/* End PBXVariantGroup section */

/* Begin XCBuildConfiguration section */
		250EA09E22809CDD00EDC73B /* Debug */ = {
			isa = XCBuildConfiguration;
			buildSettings = {
				ALWAYS_SEARCH_USER_PATHS = NO;
				CLANG_ANALYZER_NONNULL = YES;
				CLANG_ANALYZER_NUMBER_OBJECT_CONVERSION = YES_AGGRESSIVE;
				CLANG_CXX_LANGUAGE_STANDARD = "gnu++14";
				CLANG_CXX_LIBRARY = "libc++";
				CLANG_ENABLE_MODULES = YES;
				CLANG_ENABLE_OBJC_ARC = YES;
				CLANG_ENABLE_OBJC_WEAK = YES;
				CLANG_WARN_BLOCK_CAPTURE_AUTORELEASING = YES;
				CLANG_WARN_BOOL_CONVERSION = YES;
				CLANG_WARN_COMMA = YES;
				CLANG_WARN_CONSTANT_CONVERSION = YES;
				CLANG_WARN_DEPRECATED_OBJC_IMPLEMENTATIONS = YES;
				CLANG_WARN_DIRECT_OBJC_ISA_USAGE = YES_ERROR;
				CLANG_WARN_DOCUMENTATION_COMMENTS = YES;
				CLANG_WARN_EMPTY_BODY = YES;
				CLANG_WARN_ENUM_CONVERSION = YES;
				CLANG_WARN_INFINITE_RECURSION = YES;
				CLANG_WARN_INT_CONVERSION = YES;
				CLANG_WARN_NON_LITERAL_NULL_CONVERSION = YES;
				CLANG_WARN_OBJC_IMPLICIT_RETAIN_SELF = YES;
				CLANG_WARN_OBJC_LITERAL_CONVERSION = YES;
				CLANG_WARN_OBJC_ROOT_CLASS = YES_ERROR;
				CLANG_WARN_RANGE_LOOP_ANALYSIS = YES;
				CLANG_WARN_STRICT_PROTOTYPES = YES;
				CLANG_WARN_SUSPICIOUS_MOVE = YES;
				CLANG_WARN_UNGUARDED_AVAILABILITY = YES_AGGRESSIVE;
				CLANG_WARN_UNREACHABLE_CODE = YES;
				CLANG_WARN__DUPLICATE_METHOD_MATCH = YES;
				CODE_SIGN_IDENTITY = "iPhone Developer";
				COPY_PHASE_STRIP = NO;
				DEBUG_INFORMATION_FORMAT = dwarf;
				ENABLE_STRICT_OBJC_MSGSEND = YES;
				ENABLE_TESTABILITY = YES;
				GCC_C_LANGUAGE_STANDARD = gnu11;
				GCC_DYNAMIC_NO_PIC = NO;
				GCC_NO_COMMON_BLOCKS = YES;
				GCC_OPTIMIZATION_LEVEL = 0;
				GCC_PREPROCESSOR_DEFINITIONS = (
					"DEBUG=1",
					"$(inherited)",
				);
				GCC_WARN_64_TO_32_BIT_CONVERSION = YES;
				GCC_WARN_ABOUT_RETURN_TYPE = YES_ERROR;
				GCC_WARN_UNDECLARED_SELECTOR = YES;
				GCC_WARN_UNINITIALIZED_AUTOS = YES_AGGRESSIVE;
				GCC_WARN_UNUSED_FUNCTION = YES;
				GCC_WARN_UNUSED_VARIABLE = YES;
				IPHONEOS_DEPLOYMENT_TARGET = 12.1;
				MTL_ENABLE_DEBUG_INFO = INCLUDE_SOURCE;
				MTL_FAST_MATH = YES;
				ONLY_ACTIVE_ARCH = YES;
				SDKROOT = iphoneos;
			};
			name = Debug;
		};
		250EA09F22809CDD00EDC73B /* Release */ = {
			isa = XCBuildConfiguration;
			buildSettings = {
				ALWAYS_SEARCH_USER_PATHS = NO;
				CLANG_ANALYZER_NONNULL = YES;
				CLANG_ANALYZER_NUMBER_OBJECT_CONVERSION = YES_AGGRESSIVE;
				CLANG_CXX_LANGUAGE_STANDARD = "gnu++14";
				CLANG_CXX_LIBRARY = "libc++";
				CLANG_ENABLE_MODULES = YES;
				CLANG_ENABLE_OBJC_ARC = YES;
				CLANG_ENABLE_OBJC_WEAK = YES;
				CLANG_WARN_BLOCK_CAPTURE_AUTORELEASING = YES;
				CLANG_WARN_BOOL_CONVERSION = YES;
				CLANG_WARN_COMMA = YES;
				CLANG_WARN_CONSTANT_CONVERSION = YES;
				CLANG_WARN_DEPRECATED_OBJC_IMPLEMENTATIONS = YES;
				CLANG_WARN_DIRECT_OBJC_ISA_USAGE = YES_ERROR;
				CLANG_WARN_DOCUMENTATION_COMMENTS = YES;
				CLANG_WARN_EMPTY_BODY = YES;
				CLANG_WARN_ENUM_CONVERSION = YES;
				CLANG_WARN_INFINITE_RECURSION = YES;
				CLANG_WARN_INT_CONVERSION = YES;
				CLANG_WARN_NON_LITERAL_NULL_CONVERSION = YES;
				CLANG_WARN_OBJC_IMPLICIT_RETAIN_SELF = YES;
				CLANG_WARN_OBJC_LITERAL_CONVERSION = YES;
				CLANG_WARN_OBJC_ROOT_CLASS = YES_ERROR;
				CLANG_WARN_RANGE_LOOP_ANALYSIS = YES;
				CLANG_WARN_STRICT_PROTOTYPES = YES;
				CLANG_WARN_SUSPICIOUS_MOVE = YES;
				CLANG_WARN_UNGUARDED_AVAILABILITY = YES_AGGRESSIVE;
				CLANG_WARN_UNREACHABLE_CODE = YES;
				CLANG_WARN__DUPLICATE_METHOD_MATCH = YES;
				CODE_SIGN_IDENTITY = "iPhone Developer";
				COPY_PHASE_STRIP = NO;
				DEBUG_INFORMATION_FORMAT = "dwarf-with-dsym";
				ENABLE_NS_ASSERTIONS = NO;
				ENABLE_STRICT_OBJC_MSGSEND = YES;
				GCC_C_LANGUAGE_STANDARD = gnu11;
				GCC_NO_COMMON_BLOCKS = YES;
				GCC_WARN_64_TO_32_BIT_CONVERSION = YES;
				GCC_WARN_ABOUT_RETURN_TYPE = YES_ERROR;
				GCC_WARN_UNDECLARED_SELECTOR = YES;
				GCC_WARN_UNINITIALIZED_AUTOS = YES_AGGRESSIVE;
				GCC_WARN_UNUSED_FUNCTION = YES;
				GCC_WARN_UNUSED_VARIABLE = YES;
				IPHONEOS_DEPLOYMENT_TARGET = 12.1;
				MTL_ENABLE_DEBUG_INFO = NO;
				MTL_FAST_MATH = YES;
				SDKROOT = iphoneos;
				VALIDATE_PRODUCT = YES;
			};
			name = Release;
		};
		250EA0A122809CDD00EDC73B /* Debug */ = {
			isa = XCBuildConfiguration;
			buildSettings = {
				ASSETCATALOG_COMPILER_APPICON_NAME = AppIcon;
				CODE_SIGN_STYLE = Automatic;
				DEVELOPMENT_TEAM = 489ZVWUGPK;
				INFOPLIST_FILE = Math2/Info.plist;
				LD_RUNPATH_SEARCH_PATHS = (
					"$(inherited)",
					"@executable_path/Frameworks",
				);
				PRODUCT_BUNDLE_IDENTIFIER = code.luizramos.Math2;
				PRODUCT_NAME = "$(TARGET_NAME)";
				TARGETED_DEVICE_FAMILY = "1,2";
			};
			name = Debug;
		};
		250EA0A222809CDD00EDC73B /* Release */ = {
			isa = XCBuildConfiguration;
			buildSettings = {
				ASSETCATALOG_COMPILER_APPICON_NAME = AppIcon;
				CODE_SIGN_STYLE = Automatic;
				DEVELOPMENT_TEAM = 489ZVWUGPK;
				INFOPLIST_FILE = Math2/Info.plist;
				LD_RUNPATH_SEARCH_PATHS = (
					"$(inherited)",
					"@executable_path/Frameworks",
				);
				PRODUCT_BUNDLE_IDENTIFIER = code.luizramos.Math2;
				PRODUCT_NAME = "$(TARGET_NAME)";
				TARGETED_DEVICE_FAMILY = "1,2";
			};
			name = Release;
		};
		250EA0A422809CDD00EDC73B /* Debug */ = {
			isa = XCBuildConfiguration;
			buildSettings = {
				BUNDLE_LOADER = "$(TEST_HOST)";
				CODE_SIGN_STYLE = Automatic;
				DEVELOPMENT_TEAM = 489ZVWUGPK;
				INFOPLIST_FILE = Math2Tests/Info.plist;
				LD_RUNPATH_SEARCH_PATHS = (
					"$(inherited)",
					"@executable_path/Frameworks",
					"@loader_path/Frameworks",
				);
				PRODUCT_BUNDLE_IDENTIFIER = code.luizramos.Math2Tests;
				PRODUCT_NAME = "$(TARGET_NAME)";
				TARGETED_DEVICE_FAMILY = "1,2";
				TEST_HOST = "$(BUILT_PRODUCTS_DIR)/Math2.app/Math2";
			};
			name = Debug;
		};
		250EA0A522809CDD00EDC73B /* Release */ = {
			isa = XCBuildConfiguration;
			buildSettings = {
				BUNDLE_LOADER = "$(TEST_HOST)";
				CODE_SIGN_STYLE = Automatic;
				DEVELOPMENT_TEAM = 489ZVWUGPK;
				INFOPLIST_FILE = Math2Tests/Info.plist;
				LD_RUNPATH_SEARCH_PATHS = (
					"$(inherited)",
					"@executable_path/Frameworks",
					"@loader_path/Frameworks",
				);
				PRODUCT_BUNDLE_IDENTIFIER = code.luizramos.Math2Tests;
				PRODUCT_NAME = "$(TARGET_NAME)";
				TARGETED_DEVICE_FAMILY = "1,2";
				TEST_HOST = "$(BUILT_PRODUCTS_DIR)/Math2.app/Math2";
			};
			name = Release;
		};
		250EA0A722809CDD00EDC73B /* Debug */ = {
			isa = XCBuildConfiguration;
			buildSettings = {
				CODE_SIGN_STYLE = Automatic;
				DEVELOPMENT_TEAM = 489ZVWUGPK;
				INFOPLIST_FILE = Math2UITests/Info.plist;
				LD_RUNPATH_SEARCH_PATHS = (
					"$(inherited)",
					"@executable_path/Frameworks",
					"@loader_path/Frameworks",
				);
				PRODUCT_BUNDLE_IDENTIFIER = code.luizramos.Math2UITests;
				PRODUCT_NAME = "$(TARGET_NAME)";
				TARGETED_DEVICE_FAMILY = "1,2";
				TEST_TARGET_NAME = Math2;
			};
			name = Debug;
		};
		250EA0A822809CDD00EDC73B /* Release */ = {
			isa = XCBuildConfiguration;
			buildSettings = {
				CODE_SIGN_STYLE = Automatic;
				DEVELOPMENT_TEAM = 489ZVWUGPK;
				INFOPLIST_FILE = Math2UITests/Info.plist;
				LD_RUNPATH_SEARCH_PATHS = (
					"$(inherited)",
					"@executable_path/Frameworks",
					"@loader_path/Frameworks",
				);
				PRODUCT_BUNDLE_IDENTIFIER = code.luizramos.Math2UITests;
				PRODUCT_NAME = "$(TARGET_NAME)";
				TARGETED_DEVICE_FAMILY = "1,2";
				TEST_TARGET_NAME = Math2;
			};
			name = Release;
		};
/* End XCBuildConfiguration section */

/* Begin XCConfigurationList section */
		250EA06F22809CDC00EDC73B /* Build configuration list for PBXProject "Math2" */ = {
			isa = XCConfigurationList;
			buildConfigurations = (
				250EA09E22809CDD00EDC73B /* Debug */,
				250EA09F22809CDD00EDC73B /* Release */,
			);
			defaultConfigurationIsVisible = 0;
			defaultConfigurationName = Release;
		};
		250EA0A022809CDD00EDC73B /* Build configuration list for PBXNativeTarget "Math2" */ = {
			isa = XCConfigurationList;
			buildConfigurations = (
				250EA0A122809CDD00EDC73B /* Debug */,
				250EA0A222809CDD00EDC73B /* Release */,
			);
			defaultConfigurationIsVisible = 0;
			defaultConfigurationName = Release;
		};
		250EA0A322809CDD00EDC73B /* Build configuration list for PBXNativeTarget "Math2Tests" */ = {
			isa = XCConfigurationList;
			buildConfigurations = (
				250EA0A422809CDD00EDC73B /* Debug */,
				250EA0A522809CDD00EDC73B /* Release */,
			);
			defaultConfigurationIsVisible = 0;
			defaultConfigurationName = Release;
		};
		250EA0A622809CDD00EDC73B /* Build configuration list for PBXNativeTarget "Math2UITests" */ = {
			isa = XCConfigurationList;
			buildConfigurations = (
				250EA0A722809CDD00EDC73B /* Debug */,
				250EA0A822809CDD00EDC73B /* Release */,
			);
			defaultConfigurationIsVisible = 0;
			defaultConfigurationName = Release;
		};
/* End XCConfigurationList section */
	};
	rootObject = 250EA06C22809CDC00EDC73B /* Project object */;
}
